// !$*UTF8*$!
{
	archiveVersion = 1;
	classes = {
	};
	objectVersion = 42;
	objects = {

/* Begin PBXBuildFile section */

   /* Begin PBXBuildFiles included by project generator */
      B00000000000000000000102 = /* alpha.cpp in lib */ {isa = PBXBuildFile; fileRef = F00000000000000000000102 /* alpha.cpp */; };
      B00000000000000000000104 = /* clusterfit.cpp in lib */ {isa = PBXBuildFile; fileRef = F00000000000000000000104 /* clusterfit.cpp */; };
      B00000000000000000000106 = /* colourblock.cpp in lib */ {isa = PBXBuildFile; fileRef = F00000000000000000000106 /* colourblock.cpp */; };
      B00000000000000000000108 = /* colourfit.cpp in lib */ {isa = PBXBuildFile; fileRef = F00000000000000000000108 /* colourfit.cpp */; };
      B0000000000000000000010A = /* colourset.cpp in lib */ {isa = PBXBuildFile; fileRef = F0000000000000000000010A /* colourset.cpp */; };
      B0000000000000000000010D = /* maths.cpp in lib */ {isa = PBXBuildFile; fileRef = F0000000000000000000010D /* maths.cpp */; };
      B0000000000000000000010F = /* rangefit.cpp in lib */ {isa = PBXBuildFile; fileRef = F0000000000000000000010F /* rangefit.cpp */; };
      B00000000000000000000115 = /* singlecolourfit.cpp in lib */ {isa = PBXBuildFile; fileRef = F00000000000000000000115 /* singlecolourfit.cpp */; };
      B00000000000000000000117 = /* singlecolourlookup.inl in lib */ {isa = PBXBuildFile; fileRef = F00000000000000000000117 /* singlecolourlookup.inl */; };
      B00000000000000000000118 = /* squish.cpp in lib */ {isa = PBXBuildFile; fileRef = F00000000000000000000118 /* squish.cpp */; };
   /* End PBXBuildFiles included by project generator */

/* End PBXBuildFile section */

/* Begin PBXFileReference section */
	  F00000000000000000000011 /* libsquish.a */ = {isa = PBXFileReference; explicitFileType = archive.ar; includeInIndex = 0; path = libsquish.a; sourceTree = BUILT_PRODUCTS_DIR; };

   /* Begin PBXFileReferences included by project generator */
	        F00000000000000000000102 = /* alpha.cpp */ {isa = PBXFileReference; sourceTree = SOURCE_ROOT; name = alpha.cpp; path = ../../../../Engine/lib/squish/alpha.cpp; };
      F00000000000000000000103 = /* alpha.h */ {isa = PBXFileReference; sourceTree = SOURCE_ROOT; name = alpha.h; path = ../../../../Engine/lib/squish/alpha.h; };
      F00000000000000000000104 = /* clusterfit.cpp */ {isa = PBXFileReference; sourceTree = SOURCE_ROOT; name = clusterfit.cpp; path = ../../../../Engine/lib/squish/clusterfit.cpp; };
      F00000000000000000000105 = /* clusterfit.h */ {isa = PBXFileReference; sourceTree = SOURCE_ROOT; name = clusterfit.h; path = ../../../../Engine/lib/squish/clusterfit.h; };
      F00000000000000000000106 = /* colourblock.cpp */ {isa = PBXFileReference; sourceTree = SOURCE_ROOT; name = colourblock.cpp; path = ../../../../Engine/lib/squish/colourblock.cpp; };
      F00000000000000000000107 = /* colourblock.h */ {isa = PBXFileReference; sourceTree = SOURCE_ROOT; name = colourblock.h; path = ../../../../Engine/lib/squish/colourblock.h; };
      F00000000000000000000108 = /* colourfit.cpp */ {isa = PBXFileReference; sourceTree = SOURCE_ROOT; name = colourfit.cpp; path = ../../../../Engine/lib/squish/colourfit.cpp; };
      F00000000000000000000109 = /* colourfit.h */ {isa = PBXFileReference; sourceTree = SOURCE_ROOT; name = colourfit.h; path = ../../../../Engine/lib/squish/colourfit.h; };
      F0000000000000000000010A = /* colourset.cpp */ {isa = PBXFileReference; sourceTree = SOURCE_ROOT; name = colourset.cpp; path = ../../../../Engine/lib/squish/colourset.cpp; };
      F0000000000000000000010B = /* colourset.h */ {isa = PBXFileReference; sourceTree = SOURCE_ROOT; name = colourset.h; path = ../../../../Engine/lib/squish/colourset.h; };
      F0000000000000000000010C = /* config.h */ {isa = PBXFileReference; sourceTree = SOURCE_ROOT; name = config.h; path = ../../../../Engine/lib/squish/config.h; };
      F0000000000000000000010D = /* maths.cpp */ {isa = PBXFileReference; sourceTree = SOURCE_ROOT; name = maths.cpp; path = ../../../../Engine/lib/squish/maths.cpp; };
      F0000000000000000000010E = /* maths.h */ {isa = PBXFileReference; sourceTree = SOURCE_ROOT; name = maths.h; path = ../../../../Engine/lib/squish/maths.h; };
      F0000000000000000000010F = /* rangefit.cpp */ {isa = PBXFileReference; sourceTree = SOURCE_ROOT; name = rangefit.cpp; path = ../../../../Engine/lib/squish/rangefit.cpp; };
      F00000000000000000000110 = /* rangefit.h */ {isa = PBXFileReference; sourceTree = SOURCE_ROOT; name = rangefit.h; path = ../../../../Engine/lib/squish/rangefit.h; };
      F00000000000000000000111 = /* simd.h */ {isa = PBXFileReference; sourceTree = SOURCE_ROOT; name = simd.h; path = ../../../../Engine/lib/squish/simd.h; };
      F00000000000000000000112 = /* simd_float.h */ {isa = PBXFileReference; sourceTree = SOURCE_ROOT; name = simd_float.h; path = ../../../../Engine/lib/squish/simd_float.h; };
      F00000000000000000000113 = /* simd_sse.h */ {isa = PBXFileReference; sourceTree = SOURCE_ROOT; name = simd_sse.h; path = ../../../../Engine/lib/squish/simd_sse.h; };
      F00000000000000000000114 = /* simd_ve.h */ {isa = PBXFileReference; sourceTree = SOURCE_ROOT; name = simd_ve.h; path = ../../../../Engine/lib/squish/simd_ve.h; };
      F00000000000000000000115 = /* singlecolourfit.cpp */ {isa = PBXFileReference; sourceTree = SOURCE_ROOT; name = singlecolourfit.cpp; path = ../../../../Engine/lib/squish/singlecolourfit.cpp; };
      F00000000000000000000116 = /* singlecolourfit.h */ {isa = PBXFileReference; sourceTree = SOURCE_ROOT; name = singlecolourfit.h; path = ../../../../Engine/lib/squish/singlecolourfit.h; };
      F00000000000000000000117 = /* singlecolourlookup.inl */ {isa = PBXFileReference; sourceTree = SOURCE_ROOT; name = singlecolourlookup.inl; path = ../../../../Engine/lib/squish/singlecolourlookup.inl; };
      F00000000000000000000118 = /* squish.cpp */ {isa = PBXFileReference; sourceTree = SOURCE_ROOT; name = squish.cpp; path = ../../../../Engine/lib/squish/squish.cpp; };
      F00000000000000000000119 = /* squish.h */ {isa = PBXFileReference; sourceTree = SOURCE_ROOT; name = squish.h; path = ../../../../Engine/lib/squish/squish.h; };
   /* End PBXFileReferences included by project generator */


/* End PBXFileReference section */

/* Begin PBXFrameworksBuildPhase section */
	  D27393730CDABF9C006111D4 /* Frameworks */ = {
		 isa = PBXFrameworksBuildPhase;
		 buildActionMask = 2147483647;
		 files = (
		 );
		 runOnlyForDeploymentPostprocessing = 0;
	  };
/* End PBXFrameworksBuildPhase section */

/* Begin PBXGroup section */
	  D268347C0C02C5750020EE4F = {
		 isa = PBXGroup;
		 children = (
			A00000000000000000000000 /* Code */,
			D26834AC0C02C77B0020EE4F /* Products */,
		 );
		 sourceTree = "<group>";
	  };
	  D26834AC0C02C77B0020EE4F /* Products */ = {
		 isa = PBXGroup;
		 children = (
			F00000000000000000000011 /* libsquish.a */,
		 );
		 name = Products;
		 sourceTree = SOURCE_ROOT;
	  };
	  
   /* Begin PBXGroups from project generator */
		A00000000000000000000000 /* Code */ = {
			isa = PBXGroup;
			children = (
            A00000000000000000000003 /* lib -- paxorr/lib */,
			);
			name = Code;
			sourceTree = "<group>"; /* paxorr */
         };
         
		A00000000000000000000003 /* lib */ = {
			isa = PBXGroup;
			children = (
            F00000000000000000000102 /* alpha.cpp */,
            F00000000000000000000103 /* alpha.h */,
            F00000000000000000000104 /* clusterfit.cpp */,
            F00000000000000000000105 /* clusterfit.h */,
            F00000000000000000000106 /* colourblock.cpp */,
            F00000000000000000000107 /* colourblock.h */,
            F00000000000000000000108 /* colourfit.cpp */,
            F00000000000000000000109 /* colourfit.h */,
            F0000000000000000000010A /* colourset.cpp */,
            F0000000000000000000010B /* colourset.h */,
            F0000000000000000000010C /* config.h */,
            F0000000000000000000010D /* maths.cpp */,
            F0000000000000000000010E /* maths.h */,
            F0000000000000000000010F /* rangefit.cpp */,
            F00000000000000000000110 /* rangefit.h */,
            F00000000000000000000111 /* simd.h */,
            F00000000000000000000112 /* simd_float.h */,
            F00000000000000000000113 /* simd_sse.h */,
            F00000000000000000000114 /* simd_ve.h */,
            F00000000000000000000115 /* singlecolourfit.cpp */,
            F00000000000000000000116 /* singlecolourfit.h */,
            F00000000000000000000117 /* singlecolourlookup.inl */,
            F00000000000000000000118 /* squish.cpp */,
            F00000000000000000000119 /* squish.h */,
			);
			name = lib;
			sourceTree = "<group>"; /* paxorr/lib */
         };
         
   /* End PBXGroups from project generator */
   
/* End PBXGroup section */

/* Begin PBXNativeTarget section */
	  D00000000000000000000012 /* squish */ = {
		 isa = PBXNativeTarget;
		 buildConfigurationList = D27393740CDABF9C006111D4 /* Build configuration list for PBXNativeTarget "squish" */;
		 buildPhases = (
			D27393300CDABF9C006111D4 /* Sources */,
		 );
		 buildRules = (
		 );
		 dependencies = (
		 );
		 name = squish;
		 productName = libsquish;
		 productReference = F00000000000000000000011 /* libsquish.a */;
		 productType = "com.apple.product-type.library.static";
	  };
/* End PBXNativeTarget section */

/* Begin PBXProject section */
	  D268347E0C02C5750020EE4F /* Project object */ = {
		 isa = PBXProject;
		 buildConfigurationList = D268347F0C02C5750020EE4F /* Build configuration list for PBXProject "squish" */;
		 compatibilityVersion = "Xcode 3.2";
		 hasScannedForEncodings = 0;
		 mainGroup = D268347C0C02C5750020EE4F;
		 productRefGroup = D26834AC0C02C77B0020EE4F /* Products */;
		 projectDirPath = "";
		 projectRoot = ../../../..;
		 targets = (
			D00000000000000000000012 /* squish */,
		 );
	  };
/* End PBXProject section */

/* Begin PBXSourcesBuildPhase section */
		D27393300CDABF9C006111D4 /* Sources */ = {
			isa = PBXSourcesBuildPhase;
			buildActionMask = 2147483647;
			files = (
      B00000000000000000000102 /* alpha.cpp in lib */,
      B00000000000000000000103 /* alpha.h in lib */,
      B00000000000000000000104 /* clusterfit.cpp in lib */,
      B00000000000000000000105 /* clusterfit.h in lib */,
      B00000000000000000000106 /* colourblock.cpp in lib */,
      B00000000000000000000107 /* colourblock.h in lib */,
      B00000000000000000000108 /* colourfit.cpp in lib */,
      B00000000000000000000109 /* colourfit.h in lib */,
      B0000000000000000000010A /* colourset.cpp in lib */,
      B0000000000000000000010B /* colourset.h in lib */,
      B0000000000000000000010C /* config.h in lib */,
      B0000000000000000000010D /* maths.cpp in lib */,
      B0000000000000000000010E /* maths.h in lib */,
      B0000000000000000000010F /* rangefit.cpp in lib */,
      B00000000000000000000110 /* rangefit.h in lib */,
      B00000000000000000000111 /* simd.h in lib */,
      B00000000000000000000112 /* simd_float.h in lib */,
      B00000000000000000000113 /* simd_sse.h in lib */,
      B00000000000000000000114 /* simd_ve.h in lib */,
      B00000000000000000000115 /* singlecolourfit.cpp in lib */,
      B00000000000000000000116 /* singlecolourfit.h in lib */,
      B00000000000000000000117 /* singlecolourlookup.inl in lib */,
      B00000000000000000000118 /* squish.cpp in lib */,
      B00000000000000000000119 /* squish.h in lib */,
			);
			runOnlyForDeploymentPostprocessing = 0;
		};
/* End PBXSourcesBuildPhase section */

/* Begin XCBuildConfiguration section */
		D26834800C02C5750020EE4F /* Debug */ = {
			isa = XCBuildConfiguration;
			buildSettings = {
				ARCHS = "$(ARCHS_STANDARD_32_BIT)";
				CONFIGURATION_BUILD_DIR = "$(TORQUE_BUILT_LIBS_DIR)";
				COPY_PHASE_STRIP = NO;
				DEBUG_INFORMATION_FORMAT = dwarf;
				GCC_ENABLE_SSE3_EXTENSIONS = YES;
				OTHER_LDFLAGS_i386 = "-framework Accelerate";
				OTHER_LDFLAGS_ppc = "-framework vecLib";
				SDKROOT = /Developer/SDKs/MacOSX10.5.sdk;
            GCC_VERSION = 4.2;
				TORQUE_BUILT_LIBS_DIR = ../../../../engine/lib/builtLibs/;
			};
			name = Debug;
		};
		D26834810C02C5750020EE4F /* Release */ = {
			isa = XCBuildConfiguration;
			buildSettings = {
				ARCHS = "$(ARCHS_STANDARD_32_BIT)";
				CONFIGURATION_BUILD_DIR = ../../assets/;
				COPY_PHASE_STRIP = YES;
				DEBUG_INFORMATION_FORMAT = dwarf;
				GCC_ENABLE_SSE3_EXTENSIONS = YES;
				OTHER_LDFLAGS_i386 = "-framework Accelerate";
				OTHER_LDFLAGS_ppc = "-framework vecLib";
				SDKROOT = /Developer/SDKs/MacOSX10.5.sdk;
            GCC_VERSION = 4.2;
				TORQUE_BUILT_LIBS_DIR = ../../../../engine/lib/builtLibs/;
			};
			name = Release;
		};
		D27393750CDABF9C006111D4 /* Debug */ = {
			isa = XCBuildConfiguration;
			buildSettings = {
				ALWAYS_SEARCH_USER_PATHS = NO;
				COPY_PHASE_STRIP = NO;
				DEAD_CODE_STRIPPING = YES;
				GCC_DYNAMIC_NO_PIC = NO;
				GCC_ENABLE_CPP_EXCEPTIONS = NO;
				GCC_ENABLE_FIX_AND_CONTINUE = NO;
				GCC_GENERATE_DEBUGGING_SYMBOLS = YES;
				GCC_MODEL_TUNING = G5;
				GCC_OPTIMIZATION_LEVEL = 0;
				GCC_PREPROCESSOR_DEFINITIONS = (
			   __MACOSX__,
			);
				GENERATE_MASTER_OBJECT_FILE = YES;
				HEADER_SEARCH_PATHS = (
				"../../../../Engine/lib/squish",
				);
				INSTALL_PATH = /usr/local/lib;
				PREBINDING = NO;
				PRODUCT_NAME = squish;
				ZERO_LINK = NO;
			};
			name = Debug;
		};
		D27393760CDABF9C006111D4 /* Release */ = {
			isa = XCBuildConfiguration;
			buildSettings = {
				ALWAYS_SEARCH_USER_PATHS = NO;
				CONFIGURATION_BUILD_DIR = "$(TORQUE_BUILT_LIBS_DIR)";
				COPY_PHASE_STRIP = YES;
				DEAD_CODE_STRIPPING = YES;
				DEBUG_INFORMATION_FORMAT = dwarf;
				GCC_DYNAMIC_NO_PIC = NO;
				GCC_ENABLE_CPP_EXCEPTIONS = NO;
				GCC_ENABLE_FIX_AND_CONTINUE = NO;
				GCC_GENERATE_DEBUGGING_SYMBOLS = NO;
				GCC_MODEL_TUNING = G5;
				GCC_OPTIMIZATION_LEVEL = s;
				GCC_PREPROCESSOR_DEFINITIONS = (
			   __MACOSX__,
				);
				GENERATE_MASTER_OBJECT_FILE = YES;
				HEADER_SEARCH_PATHS = (
				"../../../../Engine/lib/squish",
				);
				INSTALL_PATH = /usr/local/lib;
				PREBINDING = NO;
				PRODUCT_NAME = squish;
				ZERO_LINK = NO;
			};
			name = Release;
		};
/* End XCBuildConfiguration section */

/* Begin XCConfigurationList section */
		D268347F0C02C5750020EE4F /* Build configuration list for PBXProject "LibTemplate" */ = {
			isa = XCConfigurationList;
			buildConfigurations = (
				D26834800C02C5750020EE4F /* Debug */,
				D26834810C02C5750020EE4F /* Release */,
			);
			defaultConfigurationIsVisible = 0;
			defaultConfigurationName = Release;
		};
		D27393740CDABF9C006111D4 /* Build configuration list for PBXNativeTarget "squish" */ = {
			isa = XCConfigurationList;
			buildConfigurations = (
				D27393750CDABF9C006111D4 /* Debug */,
				D27393760CDABF9C006111D4 /* Release */,
			);
			defaultConfigurationIsVisible = 0;
			defaultConfigurationName = Release;
		};
/* End XCConfigurationList section */
	};
	rootObject = D268347E0C02C5750020EE4F /* Project object */;
}